
Microsoft Visual Studio Solution File, Format Version 12.00
# Visual Studio Version 17
VisualStudioVersion = 17.9.34622.214
MinimumVisualStudioVersion = 10.0.40219.1
Project("{FAE04EC0-301F-11D3-BF4B-00C04F79EFBC}") = "PigPalaceAPI", "PigPalaceAPI\PigPalaceAPI.csproj", "{5C4F3341-A60C-4748-9787-EFB21B923CA5}"
EndProject
Global
	GlobalSection(SolutionConfigurationPlatforms) = preSolution
		Debug|Any CPU = Debug|Any CPU
		Release|Any CPU = Release|Any CPU
	EndGlobalSection
	GlobalSection(ProjectConfigurationPlatforms) = postSolution
		{5C4F3341-A60C-4748-9787-EFB21B923CA5}.Debug|Any CPU.ActiveCfg = Debug|Any CPU
		{5C4F3341-A60C-4748-9787-EFB21B923CA5}.Debug|Any CPU.Build.0 = Debug|Any CPU
		{5C4F3341-A60C-4748-9787-EFB21B923CA5}.Release|Any CPU.ActiveCfg = Release|Any CPU
		{5C4F3341-A60C-4748-9787-EFB21B923CA5}.Release|Any CPU.Build.0 = Release|Any CPU
	EndGlobalSection
	GlobalSection(SolutionProperties) = preSolution
		HideSolutionNode = FALSE
	EndGlobalSection
	GlobalSection(ExtensibilityGlobals) = postSolution
		SolutionGuid = {512B520E-0DE4-4D81-A6A1-03F72E1480F3}
	EndGlobalSection
EndGlobal
